
Microsoft Visual Studio Solution File, Format Version 12.00
# Visual Studio Version 16
VisualStudioVersion = 16.0.31729.503
MinimumVisualStudioVersion = 10.0.40219.1
Project("{FAE04EC0-301F-11D3-BF4B-00C04F79EFBC}") = "BookAPI", "BookAPI\BookAPI.csproj", "{413D27AD-4330-4423-8CAB-52D6934B6543}"
EndProject
Global
	GlobalSection(SolutionConfigurationPlatforms) = preSolution
		Debug|Any CPU = Debug|Any CPU
		Release|Any CPU = Release|Any CPU
	EndGlobalSection
	GlobalSection(ProjectConfigurationPlatforms) = postSolution
		{413D27AD-4330-4423-8CAB-52D6934B6543}.Debug|Any CPU.ActiveCfg = Debug|Any CPU
		{413D27AD-4330-4423-8CAB-52D6934B6543}.Debug|Any CPU.Build.0 = Debug|Any CPU
		{413D27AD-4330-4423-8CAB-52D6934B6543}.Release|Any CPU.ActiveCfg = Release|Any CPU
		{413D27AD-4330-4423-8CAB-52D6934B6543}.Release|Any CPU.Build.0 = Release|Any CPU
	EndGlobalSection
	GlobalSection(SolutionProperties) = preSolution
		HideSolutionNode = FALSE
	EndGlobalSection
	GlobalSection(ExtensibilityGlobals) = postSolution
		SolutionGuid = {90ED03E7-A022-4158-BF3E-7E28F91C5A1E}
	EndGlobalSection
EndGlobal
